# THIS IS AN AUTOGENERATED FILE. DO NOT EDIT THIS FILE DIRECTLY.
# yarn lockfile v1


"@ioredis/commands@^1.1.1":
  version "1.2.0"
  resolved "https://registry.yarnpkg.com/@ioredis/commands/-/commands-1.2.0.tgz#6d61b3097470af1fdbbe622795b8921d42018e11"
  integrity sha512-Sx1pU8EM64o2BrqNpEO1CNLtKQwyhuXuqyfH7oGKCk+1a33d2r5saW8zNwm3j6BTExtjrv2BxTgzzkMwts6vGg==

"@msgpack/msgpack@~2.8.0":
  version "2.8.0"
  resolved "https://registry.yarnpkg.com/@msgpack/msgpack/-/msgpack-2.8.0.tgz#4210deb771ee3912964f14a15ddfb5ff877e70b9"
  integrity sha512-h9u4u/jiIRKbq25PM+zymTyW6bhTzELvOoUd+AvYriWOAKpLGnIamaET3pnHYoI5iYphAHBI4ayx0MehR+VVPQ==

"@redis/bloom@1.2.0":
  version "1.2.0"
  resolved "https://registry.yarnpkg.com/@redis/bloom/-/bloom-1.2.0.tgz#d3fd6d3c0af3ef92f26767b56414a370c7b63b71"
  integrity sha512-HG2DFjYKbpNmVXsa0keLHp/3leGJz1mjh09f2RLGGLQZzSHpkmZWuwJbAvo3QcRY8p80m5+ZdXZdYOSBLlp7Cg==

"@redis/client@1.5.14":
  version "1.5.14"
  resolved "https://registry.yarnpkg.com/@redis/client/-/client-1.5.14.tgz#1107893464d092f140d77c468b018a6ed306a180"
  integrity sha512-YGn0GqsRBFUQxklhY7v562VMOP0DcmlrHHs3IV1mFE3cbxe31IITUkqhBcIhVSI/2JqtWAJXg5mjV4aU+zD0HA==
  dependencies:
    cluster-key-slot "1.1.2"
    generic-pool "3.9.0"
    yallist "4.0.0"

"@redis/graph@1.1.1":
  version "1.1.1"
  resolved "https://registry.yarnpkg.com/@redis/graph/-/graph-1.1.1.tgz#8c10df2df7f7d02741866751764031a957a170ea"
  integrity sha512-FEMTcTHZozZciLRl6GiiIB4zGm5z5F3F6a6FZCyrfxdKOhFlGkiAqlexWMBzCi4DcRoyiOsuLfW+cjlGWyExOw==

"@redis/json@1.0.6":
  version "1.0.6"
  resolved "https://registry.yarnpkg.com/@redis/json/-/json-1.0.6.tgz#b7a7725bbb907765d84c99d55eac3fcf772e180e"
  integrity sha512-rcZO3bfQbm2zPRpqo82XbW8zg4G/w4W3tI7X8Mqleq9goQjAGLL7q/1n1ZX4dXEAmORVZ4s1+uKLaUOg7LrUhw==

"@redis/search@1.1.6":
  version "1.1.6"
  resolved "https://registry.yarnpkg.com/@redis/search/-/search-1.1.6.tgz#33bcdd791d9ed88ab6910243a355d85a7fedf756"
  integrity sha512-mZXCxbTYKBQ3M2lZnEddwEAks0Kc7nauire8q20oA0oA/LoA+E/b5Y5KZn232ztPb1FkIGqo12vh3Lf+Vw5iTw==

"@redis/time-series@1.0.5":
  version "1.0.5"
  resolved "https://registry.yarnpkg.com/@redis/time-series/-/time-series-1.0.5.tgz#a6d70ef7a0e71e083ea09b967df0a0ed742bc6ad"
  integrity sha512-IFjIgTusQym2B5IZJG3XKr5llka7ey84fw/NOYqESP5WUfQs9zz1ww/9+qoz4ka/S6KcGBodzlCeZ5UImKbscg==

"@socket.io/cluster-adapter@^0.2.2":
  version "0.2.2"
  resolved "https://registry.yarnpkg.com/@socket.io/cluster-adapter/-/cluster-adapter-0.2.2.tgz#2b070774d3c157b4a4a33cde21ae0c624a4cec93"
  integrity sha512-/tNcY6qQx0BOgjl4mFk3YxX6pjaPdEyeWhP88Ea9gTlISY4SfA7t8VxbryeAs5/9QgXzChlvSN/i37Gog3kWag==
  dependencies:
    debug "~4.3.1"

"@socket.io/component-emitter@~3.1.0":
  version "3.1.0"
  resolved "https://registry.yarnpkg.com/@socket.io/component-emitter/-/component-emitter-3.1.0.tgz#96116f2a912e0c02817345b3c10751069920d553"
  integrity sha512-+9jVqKhRSpsc591z5vX+X5Yyw+he/HCB4iQ/RYxw35CEPaY1gnsNE43nf9n9AaYjAQrTiI/mOwKUKdUs9vf7Xg==

"@socket.io/redis-streams-adapter@^0.2.1":
  version "0.2.1"
  resolved "https://registry.yarnpkg.com/@socket.io/redis-streams-adapter/-/redis-streams-adapter-0.2.1.tgz#d48017d2cb74481cb5c6129d43ec46a49e4e1245"
  integrity sha512-XNEaER7yh6BTik8SGS47g2wNgcF8SGFSFrlL2+5+WqaFUtlvGIYcnRZfQgXn/lrbObd0It7Pk28AZwxc/XCOvA==
  dependencies:
    "@msgpack/msgpack" "~2.8.0"
    debug "~4.3.1"

"@socket.io/sticky@^1.0.4":
  version "1.0.4"
  resolved "https://registry.yarnpkg.com/@socket.io/sticky/-/sticky-1.0.4.tgz#5f6d3ae62881b17e0fb756c6074f18ddb7b2014f"
  integrity sha512-VuauT5CJLvzYtKIgouFSQ8rUaygseR+zRutnwh6ZA2QYcXx+8g52EoJ8V2SLxfo+Tfs3ELUDy08oEXxlWNrxaw==

"@types/cookie@^0.4.1":
  version "0.4.1"
  resolved "https://registry.yarnpkg.com/@types/cookie/-/cookie-0.4.1.tgz#bfd02c1f2224567676c1545199f87c3a861d878d"
  integrity sha512-XW/Aa8APYr6jSVVA1y/DEIZX0/GMKLEVekNG727R8cs56ahETkRAy/3DR7+fJyh7oUgGwNQaRfXCun0+KbWY7Q==

"@types/cors@^2.8.12":
  version "2.8.17"
  resolved "https://registry.yarnpkg.com/@types/cors/-/cors-2.8.17.tgz#5d718a5e494a8166f569d986794e49c48b216b2b"
  integrity sha512-8CGDvrBj1zgo2qE+oS3pOCyYNqCPryMWY2bGfwA0dcfopWGgxs+78df0Rs3rc9THP4JkOhLsAa+15VdpAqkcUA==
  dependencies:
    "@types/node" "*"

"@types/node@*", "@types/node@>=10.0.0":
  version "20.11.26"
  resolved "https://registry.yarnpkg.com/@types/node/-/node-20.11.26.tgz#3fbda536e51d5c79281e1d9657dcb0131baabd2d"
  integrity sha512-YwOMmyhNnAWijOBQweOJnQPl068Oqd4K3OFbTc6AHJwzweUwwWG3GIFY74OKks2PJUDkQPeddOQES9mLn1CTEQ==
  dependencies:
    undici-types "~5.26.4"

accepts@~1.3.4:
  version "1.3.8"
  resolved "https://registry.yarnpkg.com/accepts/-/accepts-1.3.8.tgz#0bf0be125b67014adcb0b0921e62db7bffe16b2e"
  integrity sha512-PYAthTa2m2VKxuvSD3DPC/Gy+U+sOA1LAuT8mkmRuvw+NACSaeXEQ+NHcVF7rONl6qcaxV3Uuemwawk+7+SJLw==
  dependencies:
    mime-types "~2.1.34"
    negotiator "0.6.3"

base64id@2.0.0, base64id@~2.0.0:
  version "2.0.0"
  resolved "https://registry.yarnpkg.com/base64id/-/base64id-2.0.0.tgz#2770ac6bc47d312af97a8bf9a634342e0cd25cb6"
  integrity sha512-lGe34o6EHj9y3Kts9R4ZYs/Gr+6N7MCaMlIFA3F1R2O5/m7K06AxfSeO5530PEERE6/WyEg3lsuyw4GHlPZHog==

cluster-key-slot@1.1.2, cluster-key-slot@^1.1.0:
  version "1.1.2"
  resolved "https://registry.yarnpkg.com/cluster-key-slot/-/cluster-key-slot-1.1.2.tgz#88ddaa46906e303b5de30d3153b7d9fe0a0c19ac"
  integrity sha512-RMr0FhtfXemyinomL4hrWcYJxmX6deFdCxpJzhDttxgO1+bcCnkk+9drydLVDmAMG7NE6aN/fl4F7ucU/90gAA==

cookie@~0.4.1:
  version "0.4.2"
  resolved "https://registry.yarnpkg.com/cookie/-/cookie-0.4.2.tgz#0e41f24de5ecf317947c82fc789e06a884824432"
  integrity sha512-aSWTXFzaKWkvHO1Ny/s+ePFpvKsPnjc551iI41v3ny/ow6tBG5Vd+FuqGNhh1LxOmVzOlGUriIlOaokOvhaStA==

cors@~2.8.5:
  version "2.8.5"
  resolved "https://registry.yarnpkg.com/cors/-/cors-2.8.5.tgz#eac11da51592dd86b9f06f6e7ac293b3df875d29"
  integrity sha512-KIHbLJqu73RGr/hnbrO9uBeixNGuvSQjul/jdFvS/KFSIH1hWVd1ng7zOHx+YrEfInLG7q4n6GHQ9cDtxv/P6g==
  dependencies:
    object-assign "^4"
    vary "^1"

debug@^4.3.4, debug@~4.3.1, debug@~4.3.2, debug@~4.3.4:
  version "4.3.4"
  resolved "https://registry.yarnpkg.com/debug/-/debug-4.3.4.tgz#1319f6579357f2338d3337d2cdd4914bb5dcc865"
  integrity sha512-PRWFHuSU3eDtQJPvnNY7Jcket1j0t5OuOsFzPPzsekD52Zl8qUfFIPEiswXqIvHWGVHOgX+7G/vCNNhehwxfkQ==
  dependencies:
    ms "2.1.2"

denque@^2.1.0:
  version "2.1.0"
  resolved "https://registry.yarnpkg.com/denque/-/denque-2.1.0.tgz#e93e1a6569fb5e66f16a3c2a2964617d349d6ab1"
  integrity sha512-HVQE3AAb/pxF8fQAoiqpvg9i3evqug3hoiwakOyZAwJm+6vZehbkYXZ0l4JxS+I3QxM97v5aaRNhj8v5oBhekw==

dotenv@^16.4.5:
  version "16.4.5"
  resolved "https://registry.yarnpkg.com/dotenv/-/dotenv-16.4.5.tgz#cdd3b3b604cb327e286b4762e13502f717cb099f"
  integrity sha512-ZmdL2rui+eB2YwhsWzjInR8LldtZHGDoQ1ugH85ppHKwpUHL7j7rN0Ti9NCnGiQbhaZ11FpR+7ao1dNsmduNUg==

engine.io-parser@~5.2.1:
  version "5.2.2"
  resolved "https://registry.yarnpkg.com/engine.io-parser/-/engine.io-parser-5.2.2.tgz#37b48e2d23116919a3453738c5720455e64e1c49"
  integrity sha512-RcyUFKA93/CXH20l4SoVvzZfrSDMOTUS3bWVpTt2FuFP+XYrL8i8oonHP7WInRyVHXh0n/ORtoeiE1os+8qkSw==

engine.io@~6.5.2:
  version "6.5.4"
  resolved "https://registry.yarnpkg.com/engine.io/-/engine.io-6.5.4.tgz#6822debf324e781add2254e912f8568508850cdc"
  integrity sha512-KdVSDKhVKyOi+r5uEabrDLZw2qXStVvCsEB/LN3mw4WFi6Gx50jTyuxYVCwAAC0U46FdnzP/ScKRBTXb/NiEOg==
  dependencies:
    "@types/cookie" "^0.4.1"
    "@types/cors" "^2.8.12"
    "@types/node" ">=10.0.0"
    accepts "~1.3.4"
    base64id "2.0.0"
    cookie "~0.4.1"
    cors "~2.8.5"
    debug "~4.3.1"
    engine.io-parser "~5.2.1"
    ws "~8.11.0"

generic-pool@3.9.0:
  version "3.9.0"
  resolved "https://registry.yarnpkg.com/generic-pool/-/generic-pool-3.9.0.tgz#36f4a678e963f4fdb8707eab050823abc4e8f5e4"
  integrity sha512-hymDOu5B53XvN4QT9dBmZxPX4CWhBPPLguTZ9MMFeFa/Kg0xWVfylOVNlJji/E7yTZWFd/q9GO5TxDLq156D7g==

ioredis@^5.3.2:
  version "5.3.2"
  resolved "https://registry.yarnpkg.com/ioredis/-/ioredis-5.3.2.tgz#9139f596f62fc9c72d873353ac5395bcf05709f7"
  integrity sha512-1DKMMzlIHM02eBBVOFQ1+AolGjs6+xEcM4PDL7NqOS6szq7H9jSaEkIUH6/a5Hl241LzW6JLSiAbNvTQjUupUA==
  dependencies:
    "@ioredis/commands" "^1.1.1"
    cluster-key-slot "^1.1.0"
    debug "^4.3.4"
    denque "^2.1.0"
    lodash.defaults "^4.2.0"
    lodash.isarguments "^3.1.0"
    redis-errors "^1.2.0"
    redis-parser "^3.0.0"
    standard-as-callback "^2.1.0"

lodash.defaults@^4.2.0:
  version "4.2.0"
  resolved "https://registry.yarnpkg.com/lodash.defaults/-/lodash.defaults-4.2.0.tgz#d09178716ffea4dde9e5fb7b37f6f0802274580c"
  integrity sha512-qjxPLHd3r5DnsdGacqOMU6pb/avJzdh9tFX2ymgoZE27BmjXrNy/y4LoaiTeAb+O3gL8AfpJGtqfX/ae2leYYQ==

lodash.isarguments@^3.1.0:
  version "3.1.0"
  resolved "https://registry.yarnpkg.com/lodash.isarguments/-/lodash.isarguments-3.1.0.tgz#2f573d85c6a24289ff00663b491c1d338ff3458a"
  integrity sha512-chi4NHZlZqZD18a0imDHnZPrDeBbTtVN7GXMwuGdRH9qotxAjYs3aVLKc7zNOG9eddR5Ksd8rvFEBc9SsggPpg==

mime-db@1.52.0:
  version "1.52.0"
  resolved "https://registry.yarnpkg.com/mime-db/-/mime-db-1.52.0.tgz#bbabcdc02859f4987301c856e3387ce5ec43bf70"
  integrity sha512-sPU4uV7dYlvtWJxwwxHD0PuihVNiE7TyAbQ5SWxDCB9mUYvOgroQOwYQQOKPJ8CIbE+1ETVlOoK1UC2nU3gYvg==

mime-types@~2.1.34:
  version "2.1.35"
  resolved "https://registry.yarnpkg.com/mime-types/-/mime-types-2.1.35.tgz#381a871b62a734450660ae3deee44813f70d959a"
  integrity sha512-ZDY+bPm5zTTF+YpCrAU9nK0UgICYPT0QtT1NZWFv4s++TNkcgVaT0g6+4R2uI4MjQjzysHB1zxuWL50hzaeXiw==
  dependencies:
    mime-db "1.52.0"

ms@2.1.2:
  version "2.1.2"
  resolved "https://registry.yarnpkg.com/ms/-/ms-2.1.2.tgz#d09d1f357b443f493382a8eb3ccd183872ae6009"
  integrity sha512-sGkPx+VjMtmA6MX27oA4FBFELFCZZ4S4XqeGOXCv68tT+jb3vk/RyaKWP0PTKyWtmLSM0b+adUTEvbs1PEaH2w==

negotiator@0.6.3:
  version "0.6.3"
  resolved "https://registry.yarnpkg.com/negotiator/-/negotiator-0.6.3.tgz#58e323a72fedc0d6f9cd4d31fe49f51479590ccd"
  integrity sha512-+EUsqGPLsM+j/zdChZjsnX51g4XrHFOIXwfnCVPGlQk/k5giakcKsuxCObBRu6DSm9opw/O6slWbJdghQM4bBg==

object-assign@^4:
  version "4.1.1"
  resolved "https://registry.yarnpkg.com/object-assign/-/object-assign-4.1.1.tgz#2109adc7965887cfc05cbbd442cac8bfbb360863"
  integrity sha512-rJgTQnkUnH1sFw8yT6VSU3zD3sWmu6sZhIseY8VX+GRu3P6F7Fu+JNDoXfklElbLJSnc3FUQHVe4cU5hj+BcUg==

redis-errors@^1.0.0, redis-errors@^1.2.0:
  version "1.2.0"
  resolved "https://registry.yarnpkg.com/redis-errors/-/redis-errors-1.2.0.tgz#eb62d2adb15e4eaf4610c04afe1529384250abad"
  integrity sha512-1qny3OExCf0UvUV/5wpYKf2YwPcOqXzkwKKSmKHiE6ZMQs5heeE/c8eXK+PNllPvmjgAbfnsbpkGZWy8cBpn9w==

redis-parser@^3.0.0:
  version "3.0.0"
  resolved "https://registry.yarnpkg.com/redis-parser/-/redis-parser-3.0.0.tgz#b66d828cdcafe6b4b8a428a7def4c6bcac31c8b4"
  integrity sha512-DJnGAeenTdpMEH6uAJRK/uiyEIH9WVsUmoLwzudwGJUwZPp80PDBWPHXSAGNPwNvIXAbe7MSUB1zQFugFml66A==
  dependencies:
    redis-errors "^1.0.0"

redis@^4.6.13:
  version "4.6.13"
  resolved "https://registry.yarnpkg.com/redis/-/redis-4.6.13.tgz#e247267c5f3ba35ab8277b57343d3a56acb2f0a6"
  integrity sha512-MHgkS4B+sPjCXpf+HfdetBwbRz6vCtsceTmw1pHNYJAsYxrfpOP6dz+piJWGos8wqG7qb3vj/Rrc5qOlmInUuA==
  dependencies:
    "@redis/bloom" "1.2.0"
    "@redis/client" "1.5.14"
    "@redis/graph" "1.1.1"
    "@redis/json" "1.0.6"
    "@redis/search" "1.1.6"
    "@redis/time-series" "1.0.5"

socket.io-adapter@~2.5.2:
  version "2.5.4"
  resolved "https://registry.yarnpkg.com/socket.io-adapter/-/socket.io-adapter-2.5.4.tgz#4fdb1358667f6d68f25343353bd99bd11ee41006"
  integrity sha512-wDNHGXGewWAjQPt3pyeYBtpWSq9cLE5UW1ZUPL/2eGK9jtse/FpXib7epSTsz0Q0m+6sg6Y4KtcFTlah1bdOVg==
  dependencies:
    debug "~4.3.4"
    ws "~8.11.0"

socket.io-parser@~4.2.4:
  version "4.2.4"
  resolved "https://registry.yarnpkg.com/socket.io-parser/-/socket.io-parser-4.2.4.tgz#c806966cf7270601e47469ddeec30fbdfda44c83"
  integrity sha512-/GbIKmo8ioc+NIWIhwdecY0ge+qVBSMdgxGygevmdHj24bsfgtCmcUUcQ5ZzcylGFHsN3k4HB4Cgkl96KVnuew==
  dependencies:
    "@socket.io/component-emitter" "~3.1.0"
    debug "~4.3.1"

socket.io@^4.7.4:
  version "4.7.4"
  resolved "https://registry.yarnpkg.com/socket.io/-/socket.io-4.7.4.tgz#2401a2d7101e4bdc64da80b140d5d8b6a8c7738b"
  integrity sha512-DcotgfP1Zg9iP/dH9zvAQcWrE0TtbMVwXmlV4T4mqsvY+gw+LqUGPfx2AoVyRk0FLME+GQhufDMyacFmw7ksqw==
  dependencies:
    accepts "~1.3.4"
    base64id "~2.0.0"
    cors "~2.8.5"
    debug "~4.3.2"
    engine.io "~6.5.2"
    socket.io-adapter "~2.5.2"
    socket.io-parser "~4.2.4"

standard-as-callback@^2.1.0:
  version "2.1.0"
  resolved "https://registry.yarnpkg.com/standard-as-callback/-/standard-as-callback-2.1.0.tgz#8953fc05359868a77b5b9739a665c5977bb7df45"
  integrity sha512-qoRRSyROncaz1z0mvYqIE4lCd9p2R90i6GxW3uZv5ucSu8tU7B5HXUP1gG8pVZsYNVaXjk8ClXHPttLyxAL48A==

undici-types@~5.26.4:
  version "5.26.5"
  resolved "https://registry.yarnpkg.com/undici-types/-/undici-types-5.26.5.tgz#bcd539893d00b56e964fd2657a4866b221a65617"
  integrity sha512-JlCMO+ehdEIKqlFxk6IfVoAUVmgz7cU7zD/h9XZ0qzeosSHmUJVOzSQvvYSYWXkFXC+IfLKSIffhv0sVZup6pA==

uuid@^9.0.1:
  version "9.0.1"
  resolved "https://registry.yarnpkg.com/uuid/-/uuid-9.0.1.tgz#e188d4c8853cc722220392c424cd637f32293f30"
  integrity sha512-b+1eJOlsR9K8HJpow9Ok3fiWOWSIcIzXodvv0rQjVoOVNpWMpxf1wZNpt4y9h10odCNrqnYp1OBzRktckBe3sA==

vary@^1:
  version "1.1.2"
  resolved "https://registry.yarnpkg.com/vary/-/vary-1.1.2.tgz#2299f02c6ded30d4a5961b0b9f74524a18f634fc"
  integrity sha512-BNGbWLfd0eUPabhkXUVm0j8uuvREyTh5ovRa/dyow/BqAbZJyC+5fU+IzQOzmAKzYqYRAISoRhdQr3eIZ/PXqg==

ws@~8.11.0:
  version "8.11.0"
  resolved "https://registry.yarnpkg.com/ws/-/ws-8.11.0.tgz#6a0d36b8edfd9f96d8b25683db2f8d7de6e8e143"
  integrity sha512-HPG3wQd9sNQoT9xHyNCXoDUa+Xw/VevmY9FoHyQ+g+rrMn4j6FB4np7Z0OhdTgjx6MgQLK7jwSy1YecU1+4Asg==

yallist@4.0.0:
  version "4.0.0"
  resolved "https://registry.yarnpkg.com/yallist/-/yallist-4.0.0.tgz#9bb92790d9c0effec63be73519e11a35019a3a72"
  integrity sha512-3wdGidZyq5PB084XLES5TpOSRA3wjXAlIWMhum2kRcv/41Sn2emQ0dycQW4uZXLejwKvg6EsvbdlVL+FYEct7A==
